
Microsoft Visual Studio Solution File, Format Version 12.00
# Visual Studio Version 16
VisualStudioVersion = 16.0.29001.49
MinimumVisualStudioVersion = 10.0.40219.1
Project("{2150E333-8FDC-42A3-9474-1A3956D46DE8}") = "Library", "Library", "{20B379A5-10CE-40E3-B621-17ACEA21AB74}"
EndProject
Project("{9A19103F-16F7-4668-BE54-9A1E7A4F7556}") = "Unicorn", "Library\Unicorn\Unicorn.csproj", "{B4325EEF-8209-4BBB-B498-0DCD94C52DDA}"
EndProject
Global
	GlobalSection(SolutionConfigurationPlatforms) = preSolution
		Debug|Any CPU = Debug|Any CPU
		Debug|ARM = Debug|ARM
		Debug|x64 = Debug|x64
		Debug|x86 = Debug|x86
		Release|Any CPU = Release|Any CPU
		Release|ARM = Release|ARM
		Release|x64 = Release|x64
		Release|x86 = Release|x86
	EndGlobalSection
	GlobalSection(ProjectConfigurationPlatforms) = postSolution
		{B4325EEF-8209-4BBB-B498-0DCD94C52DDA}.Debug|Any CPU.ActiveCfg = Debug|Any CPU
		{B4325EEF-8209-4BBB-B498-0DCD94C52DDA}.Debug|Any CPU.Build.0 = Debug|Any CPU
		{B4325EEF-8209-4BBB-B498-0DCD94C52DDA}.Debug|ARM.ActiveCfg = Debug|Any CPU
		{B4325EEF-8209-4BBB-B498-0DCD94C52DDA}.Debug|ARM.Build.0 = Debug|Any CPU
		{B4325EEF-8209-4BBB-B498-0DCD94C52DDA}.Debug|x64.ActiveCfg = Debug|Any CPU
		{B4325EEF-8209-4BBB-B498-0DCD94C52DDA}.Debug|x64.Build.0 = Debug|Any CPU
		{B4325EEF-8209-4BBB-B498-0DCD94C52DDA}.Debug|x86.ActiveCfg = Debug|Any CPU
		{B4325EEF-8209-4BBB-B498-0DCD94C52DDA}.Debug|x86.Build.0 = Debug|Any CPU
		{B4325EEF-8209-4BBB-B498-0DCD94C52DDA}.Release|Any CPU.ActiveCfg = Release|Any CPU
		{B4325EEF-8209-4BBB-B498-0DCD94C52DDA}.Release|Any CPU.Build.0 = Release|Any CPU
		{B4325EEF-8209-4BBB-B498-0DCD94C52DDA}.Release|ARM.ActiveCfg = Release|Any CPU
		{B4325EEF-8209-4BBB-B498-0DCD94C52DDA}.Release|ARM.Build.0 = Release|Any CPU
		{B4325EEF-8209-4BBB-B498-0DCD94C52DDA}.Release|x64.ActiveCfg = Release|Any CPU
		{B4325EEF-8209-4BBB-B498-0DCD94C52DDA}.Release|x64.Build.0 = Release|Any CPU
		{B4325EEF-8209-4BBB-B498-0DCD94C52DDA}.Release|x86.ActiveCfg = Release|Any CPU
		{B4325EEF-8209-4BBB-B498-0DCD94C52DDA}.Release|x86.Build.0 = Release|Any CPU
	EndGlobalSection
	GlobalSection(SolutionProperties) = preSolution
		HideSolutionNode = FALSE
	EndGlobalSection
	GlobalSection(NestedProjects) = preSolution
		{B4325EEF-8209-4BBB-B498-0DCD94C52DDA} = {20B379A5-10CE-40E3-B621-17ACEA21AB74}
	EndGlobalSection
	GlobalSection(ExtensibilityGlobals) = postSolution
		SolutionGuid = {8940044D-D50E-4422-8E1C-0C144710ACAC}
	EndGlobalSection
EndGlobal
